<?xml version="1.0" encoding="utf-8"?>
<Project ToolsVersion="4.0" xmlns="http://schemas.microsoft.com/developer/msbuild/2003">
  <ItemGroup>
    <Filter Include="Source Files">
      <UniqueIdentifier>{4FC737F1-C7A5-4376-A066-2A32D752A2FF}</UniqueIdentifier>
      <Extensions>cpp;c;cc;cxx;c++;cppm;ixx;def;odl;idl;hpj;bat;asm;asmx</Extensions>
    </Filter>
    <Filter Include="Header Files">
      <UniqueIdentifier>{93995380-89BD-4b04-88EB-625FBE52EBFB}</UniqueIdentifier>
      <Extensions>h;hh;hpp;hxx;h++;hm;inl;inc;ipp;xsd</Extensions>
    </Filter>
    <Filter Include="Resource Files">
      <UniqueIdentifier>{67DA6AB6-F800-4c08-8B7A-83BB121AAD01}</UniqueIdentifier>
      <Extensions>rc;ico;cur;bmp;dlg;rc2;rct;bin;rgs;gif;jpg;jpeg;jpe;resx;tiff;tif;png;wav;mfcribbon-ms</Extensions>
    </Filter>
  </ItemGroup>
  <ItemGroup>
    <ClInclude Include="TestingButton.h">
      <Filter>Header Files</Filter>
    </ClInclude>
    <ClInclude Include="TestingButtonDlg.h">
      <Filter>Header Files</Filter>
    </ClInclude>
    <ClInclude Include="framework.h">
      <Filter>Header Files</Filter>
    </ClInclude>
    <ClInclude Include="targetver.h">
      <Filter>Header Files</Filter>
    </ClInclude>
    <ClInclude Include="Resource.h">
      <Filter>Header Files</Filter>
    </ClInclude>
    <ClInclude Include="pch.h">
      <Filter>Header Files</Filter>
    </ClInclude>
    <ClInclude Include="IconButton.h">
      <Filter>Header Files</Filter>
    </ClInclude>
    <ClInclude Include="MyHeaderCtrl.h">
      <Filter>Header Files</Filter>
    </ClInclude>
    <ClInclude Include="MyListCtrl.h">
      <Filter>Header Files</Filter>
    </ClInclude>
    <ClInclude Include="CardPanel.h">
      <Filter>Header Files</Filter>
    </ClInclude>
    <ClInclude Include="FlatTabCtrl.h">
      <Filter>Header Files</Filter>
    </ClInclude>
    <ClInclude Include="ModernTabCtrl.h">
      <Filter>Header Files</Filter>
    </ClInclude>
    <ClInclude Include="CardPanelWithPictureControl.h">
      <Filter>Header Files</Filter>
    </ClInclude>
    <ClInclude Include="ColorButton.h">
      <Filter>Header Files</Filter>
    </ClInclude>
    <ClInclude Include="LightTower.h">
      <Filter>Header Files</Filter>
    </ClInclude>
    <ClInclude Include="BottomTabCtrl.h">
      <Filter>Header Files</Filter>
    </ClInclude>
    <ClInclude Include="SignalTower.h">
      <Filter>Header Files</Filter>
    </ClInclude>
    <ClInclude Include="StyleStatic.h">
      <Filter>Header Files</Filter>
    </ClInclude>
    <ClInclude Include="ObjectiveLensCtrl.h">
      <Filter>Header Files</Filter>
    </ClInclude>
    <ClInclude Include="ModernSlider.h">
      <Filter>Header Files</Filter>
    </ClInclude>
    <ClInclude Include="ColorSlider.h">
      <Filter>Header Files</Filter>
    </ClInclude>
    <ClInclude Include="ColorSliderCtrl.h">
      <Filter>Header Files</Filter>
    </ClInclude>
    <ClInclude Include="GradientButton.h">
      <Filter>Header Files</Filter>
    </ClInclude>
    <ClInclude Include="CustomRadioButton.h">
      <Filter>Header Files</Filter>
    </ClInclude>
    <ClInclude Include="RoundStatic.h">
      <Filter>Header Files</Filter>
    </ClInclude>
  </ItemGroup>
  <ItemGroup>
    <ClCompile Include="TestingButton.cpp">
      <Filter>Source Files</Filter>
    </ClCompile>
    <ClCompile Include="TestingButtonDlg.cpp">
      <Filter>Source Files</Filter>
    </ClCompile>
    <ClCompile Include="pch.cpp">
      <Filter>Source Files</Filter>
    </ClCompile>
    <ClCompile Include="IconButton.cpp">
      <Filter>Source Files</Filter>
    </ClCompile>
    <ClCompile Include="MyHeaderCtrl.cpp">
      <Filter>Source Files</Filter>
    </ClCompile>
    <ClCompile Include="MyListCtrl.cpp">
      <Filter>Source Files</Filter>
    </ClCompile>
    <ClCompile Include="CardPanel.cpp">
      <Filter>Source Files</Filter>
    </ClCompile>
    <ClCompile Include="FlatTabCtrl.cpp">
      <Filter>Source Files</Filter>
    </ClCompile>
    <ClCompile Include="ModernTabCtrl.cpp">
      <Filter>Source Files</Filter>
    </ClCompile>
    <ClCompile Include="CardPanelWithPictureControl.cpp">
      <Filter>Source Files</Filter>
    </ClCompile>
    <ClCompile Include="ColorButton.cpp">
      <Filter>Source Files</Filter>
    </ClCompile>
    <ClCompile Include="LightTower.cpp">
      <Filter>Source Files</Filter>
    </ClCompile>
    <ClCompile Include="BottomTabCtrl.cpp">
      <Filter>Source Files</Filter>
    </ClCompile>
    <ClCompile Include="SignalTower.cpp">
      <Filter>Source Files</Filter>
    </ClCompile>
    <ClCompile Include="StyleStatic.cpp">
      <Filter>Source Files</Filter>
    </ClCompile>
    <ClCompile Include="ObjectiveLensCtrl.cpp">
      <Filter>Source Files</Filter>
    </ClCompile>
    <ClCompile Include="ModernSlider.cpp">
      <Filter>Source Files</Filter>
    </ClCompile>
    <ClCompile Include="ColorSlider.cpp">
      <Filter>Source Files</Filter>
    </ClCompile>
    <ClCompile Include="ColorSliderCtrl.cpp">
      <Filter>Source Files</Filter>
    </ClCompile>
    <ClCompile Include="GradientButton.cpp">
      <Filter>Source Files</Filter>
    </ClCompile>
    <ClCompile Include="CustomRadioButton.cpp">
      <Filter>Source Files</Filter>
    </ClCompile>
    <ClCompile Include="RoundStatic.cpp">
      <Filter>Source Files</Filter>
    </ClCompile>
  </ItemGroup>
  <ItemGroup>
    <ResourceCompile Include="TestingButton.rc">
      <Filter>Resource Files</Filter>
    </ResourceCompile>
  </ItemGroup>
  <ItemGroup>
    <None Include="res\TestingButton.rc2">
      <Filter>Resource Files</Filter>
    </None>
  </ItemGroup>
  <ItemGroup>
    <Image Include="res\TestingButton.ico">
      <Filter>Resource Files</Filter>
    </Image>
    <Image Include="res\icon1.ico">
      <Filter>Resource Files</Filter>
    </Image>
    <Image Include="icon\bottom left.ico">
      <Filter>Resource Files</Filter>
    </Image>
    <Image Include="icon\bottom right.ico">
      <Filter>Resource Files</Filter>
    </Image>
    <Image Include="icon\down.ico">
      <Filter>Resource Files</Filter>
    </Image>
    <Image Include="icon\left.ico">
      <Filter>Resource Files</Filter>
    </Image>
    <Image Include="icon\right.ico">
      <Filter>Resource Files</Filter>
    </Image>
    <Image Include="icon\top left.ico">
      <Filter>Resource Files</Filter>
    </Image>
    <Image Include="icon\top right.ico">
      <Filter>Resource Files</Filter>
    </Image>
    <Image Include="icon\up.ico">
      <Filter>Resource Files</Filter>
    </Image>
    <Image Include="icon\left (1).ico">
      <Filter>Resource Files</Filter>
    </Image>
    <Image Include="icon\right (1).ico">
      <Filter>Resource Files</Filter>
    </Image>
    <Image Include="blue_icon\down.ico">
      <Filter>Resource Files</Filter>
    </Image>
    <Image Include="blue_icon\left.ico">
      <Filter>Resource Files</Filter>
    </Image>
    <Image Include="blue_icon\right.ico">
      <Filter>Resource Files</Filter>
    </Image>
    <Image Include="blue_icon\up.ico">
      <Filter>Resource Files</Filter>
    </Image>
  </ItemGroup>
</Project>